{
  "name": "run-gemini-cli",
  "version": "0.1.12",
  "lockfileVersion": 3,
  "requires": true,
  "packages": {
    "": {
      "name": "run-gemini-cli",
      "version": "0.1.12",
      "license": "Apache-2.0",
      "devDependencies": {
        "@google-github-actions/actions-utils": "^0.8.10"
      },
      "engines": {
        "node": ">= 20.x",
        "npm": ">= 10.x"
      }
    },
    "node_modules/@google-github-actions/actions-utils": {
      "version": "0.8.10",
      "resolved": "https://registry.npmjs.org/@google-github-actions/actions-utils/-/actions-utils-0.8.10.tgz",
      "integrity": "sha512-NLmKwQgPj0cQyDjbtQIGUYBdPtFIywLbH10RPRuhF6tO7qlO19N76SsaDEiZ7iKlXA9Yfj8TS3lK6wfdJyE+hw==",
      "dev": true,
      "license": "Apache-2.0",
      "dependencies": {
        "yaml": "^2.8.1"
      },
      "bin": {
        "actions-gen-readme": "bin/actions-gen-readme.mjs"
      },
      "engines": {
        "node": ">= 20.x",
        "npm": ">= 10.x"
      }
    },
    "node_modules/yaml": {
      "version": "2.8.1",
      "resolved": "https://registry.npmjs.org/yaml/-/yaml-2.8.1.tgz",
      "integrity": "sha512-lcYcMxX2PO9XMGvAJkJ3OsNMw+/7FKes7/hgerGUYWIoWu5j/+YQqcZr5JnPZWzOsEBgMbSbiSTn/dv/69Mkpw==",
      "dev": true,
      "license": "ISC",
      "bin": {
        "yaml": "bin.mjs"
      },
      "engines": {
        "node": ">= 14.6"
      }
    }
  }
}
