{
  "name": "run-gemini-cli",
  "version": "0.1.6",
  "lockfileVersion": 3,
  "requires": true,
  "packages": {
    "": {
      "name": "run-gemini-cli",
      "version": "0.1.6",
      "license": "Apache-2.0",
      "devDependencies": {
        "@google-github-actions/actions-utils": "^0.8.8"
      },
      "engines": {
        "node": "20.x",
        "npm": "> 10.x"
      }
    },
    "node_modules/@google-github-actions/actions-utils": {
      "version": "0.8.8",
      "resolved": "https://registry.npmjs.org/@google-github-actions/actions-utils/-/actions-utils-0.8.8.tgz",
      "integrity": "sha512-5HhmjH1Lwloiav7bqsSUSntKX/2cywilHFgnqR/G+KBaVDgbA1Kue+e+u0/KzR2q6iC6LWUs/3fLaAL3AJAu0A==",
      "dev": true,
      "license": "Apache-2.0",
      "dependencies": {
        "yaml": "^2.8.0"
      },
      "bin": {
        "actions-gen-readme": "bin/actions-gen-readme.mjs"
      },
      "engines": {
        "node": ">= 20.x",
        "npm": ">= 10.x"
      }
    },
    "node_modules/yaml": {
      "version": "2.8.0",
      "resolved": "https://registry.npmjs.org/yaml/-/yaml-2.8.0.tgz",
      "integrity": "sha512-4lLa/EcQCB0cJkyts+FpIRx5G/llPxfP6VQU5KByHEhLxY3IJCH0f0Hy1MHI8sClTvsIb8qwRJ6R/ZdlDJ/leQ==",
      "dev": true,
      "license": "ISC",
      "bin": {
        "yaml": "bin.mjs"
      },
      "engines": {
        "node": ">= 14.6"
      }
    }
  }
}
